// !$*UTF8*$!
{
	archiveVersion = 1;
	classes = {
	};
	objectVersion = 50;
	objects = {

/* Begin PBXBuildFile section */
		9958218DE609F8B7F1AD76F4 /* Pods_Trivia.framework in Frameworks */ = {isa = PBXBuildFile; fileRef = 6B57D317825F9DC9E8376B9F /* Pods_Trivia.framework */; };
		D302321E21C2842900018533 /* QuestionViewController.swift in Sources */ = {isa = PBXBuildFile; fileRef = D302321D21C2842900018533 /* QuestionViewController.swift */; };
		D302322021C29CC700018533 /* ResultsViewController.swift in Sources */ = {isa = PBXBuildFile; fileRef = D302321F21C29CC700018533 /* ResultsViewController.swift */; };
		D319CD9521BF240E007D27B5 /* AppDelegate.swift in Sources */ = {isa = PBXBuildFile; fileRef = D319CD9421BF240E007D27B5 /* AppDelegate.swift */; };
		D319CD9A21BF240E007D27B5 /* Main.storyboard in Resources */ = {isa = PBXBuildFile; fileRef = D319CD9821BF240E007D27B5 /* Main.storyboard */; };
		D319CD9C21BF2414007D27B5 /* Assets.xcassets in Resources */ = {isa = PBXBuildFile; fileRef = D319CD9B21BF2414007D27B5 /* Assets.xcassets */; };
		D319CD9F21BF2414007D27B5 /* LaunchScreen.storyboard in Resources */ = {isa = PBXBuildFile; fileRef = D319CD9D21BF2414007D27B5 /* LaunchScreen.storyboard */; };
		D356E9F421C3E4C3009D0718 /* IntroductionViewController.swift in Sources */ = {isa = PBXBuildFile; fileRef = D356E9F321C3E4C2009D0718 /* IntroductionViewController.swift */; };
		D36F28ED21C8273400623965 /* HighscoreTableViewController.swift in Sources */ = {isa = PBXBuildFile; fileRef = D36F28EC21C8273400623965 /* HighscoreTableViewController.swift */; };
		D38E76C721BFC044006CF576 /* QuizController.swift in Sources */ = {isa = PBXBuildFile; fileRef = D38E76C621BFC044006CF576 /* QuizController.swift */; };
		D38E76C921BFC71E006CF576 /* QuizItem.swift in Sources */ = {isa = PBXBuildFile; fileRef = D38E76C821BFC71E006CF576 /* QuizItem.swift */; };
/* End PBXBuildFile section */

/* Begin PBXFileReference section */
		69CBF49C8826D61DA59A8CC8 /* Pods-Trivia.release.xcconfig */ = {isa = PBXFileReference; includeInIndex = 1; lastKnownFileType = text.xcconfig; name = "Pods-Trivia.release.xcconfig"; path = "Pods/Target Support Files/Pods-Trivia/Pods-Trivia.release.xcconfig"; sourceTree = "<group>"; };
		6B57D317825F9DC9E8376B9F /* Pods_Trivia.framework */ = {isa = PBXFileReference; explicitFileType = wrapper.framework; includeInIndex = 0; path = Pods_Trivia.framework; sourceTree = BUILT_PRODUCTS_DIR; };
		8B86456DB6C4541F58F691ED /* Pods-Trivia.debug.xcconfig */ = {isa = PBXFileReference; includeInIndex = 1; lastKnownFileType = text.xcconfig; name = "Pods-Trivia.debug.xcconfig"; path = "Pods/Target Support Files/Pods-Trivia/Pods-Trivia.debug.xcconfig"; sourceTree = "<group>"; };
		D302321D21C2842900018533 /* QuestionViewController.swift */ = {isa = PBXFileReference; lastKnownFileType = sourcecode.swift; path = QuestionViewController.swift; sourceTree = "<group>"; };
		D302321F21C29CC700018533 /* ResultsViewController.swift */ = {isa = PBXFileReference; lastKnownFileType = sourcecode.swift; path = ResultsViewController.swift; sourceTree = "<group>"; };
		D319CD9121BF240E007D27B5 /* Trivia.app */ = {isa = PBXFileReference; explicitFileType = wrapper.application; includeInIndex = 0; path = Trivia.app; sourceTree = BUILT_PRODUCTS_DIR; };
		D319CD9421BF240E007D27B5 /* AppDelegate.swift */ = {isa = PBXFileReference; lastKnownFileType = sourcecode.swift; path = AppDelegate.swift; sourceTree = "<group>"; };
		D319CD9921BF240E007D27B5 /* Base */ = {isa = PBXFileReference; lastKnownFileType = file.storyboard; name = Base; path = Base.lproj/Main.storyboard; sourceTree = "<group>"; };
		D319CD9B21BF2414007D27B5 /* Assets.xcassets */ = {isa = PBXFileReference; lastKnownFileType = folder.assetcatalog; path = Assets.xcassets; sourceTree = "<group>"; };
		D319CD9E21BF2414007D27B5 /* Base */ = {isa = PBXFileReference; lastKnownFileType = file.storyboard; name = Base; path = Base.lproj/LaunchScreen.storyboard; sourceTree = "<group>"; };
		D319CDA021BF2414007D27B5 /* Info.plist */ = {isa = PBXFileReference; lastKnownFileType = text.plist.xml; path = Info.plist; sourceTree = "<group>"; };
		D356E9F321C3E4C2009D0718 /* IntroductionViewController.swift */ = {isa = PBXFileReference; lastKnownFileType = sourcecode.swift; name = IntroductionViewController.swift; path = "/Users/wytzedijk/Documents/Informatiekunde/Native App Studio/Trivia/Trivia/IntroductionViewController.swift"; sourceTree = "<absolute>"; };
		D36F28EC21C8273400623965 /* HighscoreTableViewController.swift */ = {isa = PBXFileReference; lastKnownFileType = sourcecode.swift; path = HighscoreTableViewController.swift; sourceTree = "<group>"; };
		D38E76C621BFC044006CF576 /* QuizController.swift */ = {isa = PBXFileReference; lastKnownFileType = sourcecode.swift; path = QuizController.swift; sourceTree = "<group>"; };
		D38E76C821BFC71E006CF576 /* QuizItem.swift */ = {isa = PBXFileReference; lastKnownFileType = sourcecode.swift; path = QuizItem.swift; sourceTree = "<group>"; };
/* End PBXFileReference section */

/* Begin PBXFrameworksBuildPhase section */
		D319CD8E21BF240E007D27B5 /* Frameworks */ = {
			isa = PBXFrameworksBuildPhase;
			buildActionMask = 2147483647;
			files = (
				9958218DE609F8B7F1AD76F4 /* Pods_Trivia.framework in Frameworks */,
			);
			runOnlyForDeploymentPostprocessing = 0;
		};
/* End PBXFrameworksBuildPhase section */

/* Begin PBXGroup section */
		009491398400DD0A5EB0ADD6 /* Frameworks */ = {
			isa = PBXGroup;
			children = (
				6B57D317825F9DC9E8376B9F /* Pods_Trivia.framework */,
			);
			name = Frameworks;
			sourceTree = "<group>";
		};
		78F4A8FE9E39A1E16DAEAF73 /* Pods */ = {
			isa = PBXGroup;
			children = (
				8B86456DB6C4541F58F691ED /* Pods-Trivia.debug.xcconfig */,
				69CBF49C8826D61DA59A8CC8 /* Pods-Trivia.release.xcconfig */,
			);
			name = Pods;
			sourceTree = "<group>";
		};
		D319CD8821BF240E007D27B5 = {
			isa = PBXGroup;
			children = (
				D319CD9321BF240E007D27B5 /* Trivia */,
				D319CD9221BF240E007D27B5 /* Products */,
				78F4A8FE9E39A1E16DAEAF73 /* Pods */,
				009491398400DD0A5EB0ADD6 /* Frameworks */,
			);
			sourceTree = "<group>";
		};
		D319CD9221BF240E007D27B5 /* Products */ = {
			isa = PBXGroup;
			children = (
				D319CD9121BF240E007D27B5 /* Trivia.app */,
			);
			name = Products;
			sourceTree = "<group>";
		};
		D319CD9321BF240E007D27B5 /* Trivia */ = {
			isa = PBXGroup;
			children = (
				D36F28EC21C8273400623965 /* HighscoreTableViewController.swift */,
				D356E9F321C3E4C2009D0718 /* IntroductionViewController.swift */,
				D319CD9421BF240E007D27B5 /* AppDelegate.swift */,
				D319CD9821BF240E007D27B5 /* Main.storyboard */,
				D302321F21C29CC700018533 /* ResultsViewController.swift */,
				D38E76C621BFC044006CF576 /* QuizController.swift */,
				D38E76C821BFC71E006CF576 /* QuizItem.swift */,
				D319CD9B21BF2414007D27B5 /* Assets.xcassets */,
				D319CD9D21BF2414007D27B5 /* LaunchScreen.storyboard */,
				D319CDA021BF2414007D27B5 /* Info.plist */,
				D302321D21C2842900018533 /* QuestionViewController.swift */,
			);
			path = Trivia;
			sourceTree = "<group>";
		};
/* End PBXGroup section */

/* Begin PBXNativeTarget section */
		D319CD9021BF240E007D27B5 /* Trivia */ = {
			isa = PBXNativeTarget;
			buildConfigurationList = D319CDA321BF2414007D27B5 /* Build configuration list for PBXNativeTarget "Trivia" */;
			buildPhases = (
				7E590C48D219F07271B7E519 /* [CP] Check Pods Manifest.lock */,
				D319CD8D21BF240E007D27B5 /* Sources */,
				D319CD8E21BF240E007D27B5 /* Frameworks */,
				D319CD8F21BF240E007D27B5 /* Resources */,
				D3DC920B5C1C81DFDD6BC346 /* [CP] Embed Pods Frameworks */,
			);
			buildRules = (
			);
			dependencies = (
			);
			name = Trivia;
			productName = Trivia;
			productReference = D319CD9121BF240E007D27B5 /* Trivia.app */;
			productType = "com.apple.product-type.application";
		};
/* End PBXNativeTarget section */

/* Begin PBXProject section */
		D319CD8921BF240E007D27B5 /* Project object */ = {
			isa = PBXProject;
			attributes = {
				LastSwiftUpdateCheck = 1010;
				LastUpgradeCheck = 1010;
				ORGANIZATIONNAME = "Wytze Dijkstra";
				TargetAttributes = {
					D319CD9021BF240E007D27B5 = {
						CreatedOnToolsVersion = 10.1;
					};
				};
			};
			buildConfigurationList = D319CD8C21BF240E007D27B5 /* Build configuration list for PBXProject "Trivia" */;
			compatibilityVersion = "Xcode 9.3";
			developmentRegion = en;
			hasScannedForEncodings = 0;
			knownRegions = (
				en,
				Base,
			);
			mainGroup = D319CD8821BF240E007D27B5;
			productRefGroup = D319CD9221BF240E007D27B5 /* Products */;
			projectDirPath = "";
			projectRoot = "";
			targets = (
				D319CD9021BF240E007D27B5 /* Trivia */,
			);
		};
/* End PBXProject section */

/* Begin PBXResourcesBuildPhase section */
		D319CD8F21BF240E007D27B5 /* Resources */ = {
			isa = PBXResourcesBuildPhase;
			buildActionMask = 2147483647;
			files = (
				D319CD9F21BF2414007D27B5 /* LaunchScreen.storyboard in Resources */,
				D319CD9C21BF2414007D27B5 /* Assets.xcassets in Resources */,
				D319CD9A21BF240E007D27B5 /* Main.storyboard in Resources */,
			);
			runOnlyForDeploymentPostprocessing = 0;
		};
/* End PBXResourcesBuildPhase section */

/* Begin PBXShellScriptBuildPhase section */
		7E590C48D219F07271B7E519 /* [CP] Check Pods Manifest.lock */ = {
			isa = PBXShellScriptBuildPhase;
			buildActionMask = 2147483647;
			files = (
			);
			inputFileListPaths = (
			);
			inputPaths = (
				"${PODS_PODFILE_DIR_PATH}/Podfile.lock",
				"${PODS_ROOT}/Manifest.lock",
			);
			name = "[CP] Check Pods Manifest.lock";
			outputFileListPaths = (
			);
			outputPaths = (
				"$(DERIVED_FILE_DIR)/Pods-Trivia-checkManifestLockResult.txt",
			);
			runOnlyForDeploymentPostprocessing = 0;
			shellPath = /bin/sh;
			shellScript = "diff \"${PODS_PODFILE_DIR_PATH}/Podfile.lock\" \"${PODS_ROOT}/Manifest.lock\" > /dev/null\nif [ $? != 0 ] ; then\n    # print error to STDERR\n    echo \"error: The sandbox is not in sync with the Podfile.lock. Run 'pod install' or update your CocoaPods installation.\" >&2\n    exit 1\nfi\n# This output is used by Xcode 'outputs' to avoid re-running this script phase.\necho \"SUCCESS\" > \"${SCRIPT_OUTPUT_FILE_0}\"\n";
			showEnvVarsInLog = 0;
		};
		D3DC920B5C1C81DFDD6BC346 /* [CP] Embed Pods Frameworks */ = {
			isa = PBXShellScriptBuildPhase;
			buildActionMask = 2147483647;
			files = (
			);
			inputFileListPaths = (
			);
			inputPaths = (
				"${SRCROOT}/Pods/Target Support Files/Pods-Trivia/Pods-Trivia-frameworks.sh",
				"${BUILT_PRODUCTS_DIR}/HTMLString/HTMLString.framework",
			);
			name = "[CP] Embed Pods Frameworks";
			outputFileListPaths = (
			);
			outputPaths = (
				"${TARGET_BUILD_DIR}/${FRAMEWORKS_FOLDER_PATH}/HTMLString.framework",
			);
			runOnlyForDeploymentPostprocessing = 0;
			shellPath = /bin/sh;
			shellScript = "\"${SRCROOT}/Pods/Target Support Files/Pods-Trivia/Pods-Trivia-frameworks.sh\"\n";
			showEnvVarsInLog = 0;
		};
/* End PBXShellScriptBuildPhase section */

/* Begin PBXSourcesBuildPhase section */
		D319CD8D21BF240E007D27B5 /* Sources */ = {
			isa = PBXSourcesBuildPhase;
			buildActionMask = 2147483647;
			files = (
				D36F28ED21C8273400623965 /* HighscoreTableViewController.swift in Sources */,
				D38E76C921BFC71E006CF576 /* QuizItem.swift in Sources */,
				D319CD9521BF240E007D27B5 /* AppDelegate.swift in Sources */,
				D302321E21C2842900018533 /* QuestionViewController.swift in Sources */,
				D302322021C29CC700018533 /* ResultsViewController.swift in Sources */,
				D38E76C721BFC044006CF576 /* QuizController.swift in Sources */,
				D356E9F421C3E4C3009D0718 /* IntroductionViewController.swift in Sources */,
			);
			runOnlyForDeploymentPostprocessing = 0;
		};
/* End PBXSourcesBuildPhase section */

/* Begin PBXVariantGroup section */
		D319CD9821BF240E007D27B5 /* Main.storyboard */ = {
			isa = PBXVariantGroup;
			children = (
				D319CD9921BF240E007D27B5 /* Base */,
			);
			name = Main.storyboard;
			sourceTree = "<group>";
		};
		D319CD9D21BF2414007D27B5 /* LaunchScreen.storyboard */ = {
			isa = PBXVariantGroup;
			children = (
				D319CD9E21BF2414007D27B5 /* Base */,
			);
			name = LaunchScreen.storyboard;
			sourceTree = "<group>";
		};
/* End PBXVariantGroup section */

/* Begin XCBuildConfiguration section */
		D319CDA121BF2414007D27B5 /* Debug */ = {
			isa = XCBuildConfiguration;
			buildSettings = {
				ALWAYS_SEARCH_USER_PATHS = NO;
				CLANG_ANALYZER_NONNULL = YES;
				CLANG_ANALYZER_NUMBER_OBJECT_CONVERSION = YES_AGGRESSIVE;
				CLANG_CXX_LANGUAGE_STANDARD = "gnu++14";
				CLANG_CXX_LIBRARY = "libc++";
				CLANG_ENABLE_MODULES = YES;
				CLANG_ENABLE_OBJC_ARC = YES;
				CLANG_ENABLE_OBJC_WEAK = YES;
				CLANG_WARN_BLOCK_CAPTURE_AUTORELEASING = YES;
				CLANG_WARN_BOOL_CONVERSION = YES;
				CLANG_WARN_COMMA = YES;
				CLANG_WARN_CONSTANT_CONVERSION = YES;
				CLANG_WARN_DEPRECATED_OBJC_IMPLEMENTATIONS = YES;
				CLANG_WARN_DIRECT_OBJC_ISA_USAGE = YES_ERROR;
				CLANG_WARN_DOCUMENTATION_COMMENTS = YES;
				CLANG_WARN_EMPTY_BODY = YES;
				CLANG_WARN_ENUM_CONVERSION = YES;
				CLANG_WARN_INFINITE_RECURSION = YES;
				CLANG_WARN_INT_CONVERSION = YES;
				CLANG_WARN_NON_LITERAL_NULL_CONVERSION = YES;
				CLANG_WARN_OBJC_IMPLICIT_RETAIN_SELF = YES;
				CLANG_WARN_OBJC_LITERAL_CONVERSION = YES;
				CLANG_WARN_OBJC_ROOT_CLASS = YES_ERROR;
				CLANG_WARN_RANGE_LOOP_ANALYSIS = YES;
				CLANG_WARN_STRICT_PROTOTYPES = YES;
				CLANG_WARN_SUSPICIOUS_MOVE = YES;
				CLANG_WARN_UNGUARDED_AVAILABILITY = YES_AGGRESSIVE;
				CLANG_WARN_UNREACHABLE_CODE = YES;
				CLANG_WARN__DUPLICATE_METHOD_MATCH = YES;
				CODE_SIGN_IDENTITY = "iPhone Developer";
				COPY_PHASE_STRIP = NO;
				DEBUG_INFORMATION_FORMAT = dwarf;
				ENABLE_STRICT_OBJC_MSGSEND = YES;
				ENABLE_TESTABILITY = YES;
				GCC_C_LANGUAGE_STANDARD = gnu11;
				GCC_DYNAMIC_NO_PIC = NO;
				GCC_NO_COMMON_BLOCKS = YES;
				GCC_OPTIMIZATION_LEVEL = 0;
				GCC_PREPROCESSOR_DEFINITIONS = (
					"DEBUG=1",
					"$(inherited)",
				);
				GCC_WARN_64_TO_32_BIT_CONVERSION = YES;
				GCC_WARN_ABOUT_RETURN_TYPE = YES_ERROR;
				GCC_WARN_UNDECLARED_SELECTOR = YES;
				GCC_WARN_UNINITIALIZED_AUTOS = YES_AGGRESSIVE;
				GCC_WARN_UNUSED_FUNCTION = YES;
				GCC_WARN_UNUSED_VARIABLE = YES;
				IPHONEOS_DEPLOYMENT_TARGET = 12.1;
				MTL_ENABLE_DEBUG_INFO = INCLUDE_SOURCE;
				MTL_FAST_MATH = YES;
				ONLY_ACTIVE_ARCH = YES;
				SDKROOT = iphoneos;
				SWIFT_ACTIVE_COMPILATION_CONDITIONS = DEBUG;
				SWIFT_OPTIMIZATION_LEVEL = "-Onone";
			};
			name = Debug;
		};
		D319CDA221BF2414007D27B5 /* Release */ = {
			isa = XCBuildConfiguration;
			buildSettings = {
				ALWAYS_SEARCH_USER_PATHS = NO;
				CLANG_ANALYZER_NONNULL = YES;
				CLANG_ANALYZER_NUMBER_OBJECT_CONVERSION = YES_AGGRESSIVE;
				CLANG_CXX_LANGUAGE_STANDARD = "gnu++14";
				CLANG_CXX_LIBRARY = "libc++";
				CLANG_ENABLE_MODULES = YES;
				CLANG_ENABLE_OBJC_ARC = YES;
				CLANG_ENABLE_OBJC_WEAK = YES;
				CLANG_WARN_BLOCK_CAPTURE_AUTORELEASING = YES;
				CLANG_WARN_BOOL_CONVERSION = YES;
				CLANG_WARN_COMMA = YES;
				CLANG_WARN_CONSTANT_CONVERSION = YES;
				CLANG_WARN_DEPRECATED_OBJC_IMPLEMENTATIONS = YES;
				CLANG_WARN_DIRECT_OBJC_ISA_USAGE = YES_ERROR;
				CLANG_WARN_DOCUMENTATION_COMMENTS = YES;
				CLANG_WARN_EMPTY_BODY = YES;
				CLANG_WARN_ENUM_CONVERSION = YES;
				CLANG_WARN_INFINITE_RECURSION = YES;
				CLANG_WARN_INT_CONVERSION = YES;
				CLANG_WARN_NON_LITERAL_NULL_CONVERSION = YES;
				CLANG_WARN_OBJC_IMPLICIT_RETAIN_SELF = YES;
				CLANG_WARN_OBJC_LITERAL_CONVERSION = YES;
				CLANG_WARN_OBJC_ROOT_CLASS = YES_ERROR;
				CLANG_WARN_RANGE_LOOP_ANALYSIS = YES;
				CLANG_WARN_STRICT_PROTOTYPES = YES;
				CLANG_WARN_SUSPICIOUS_MOVE = YES;
				CLANG_WARN_UNGUARDED_AVAILABILITY = YES_AGGRESSIVE;
				CLANG_WARN_UNREACHABLE_CODE = YES;
				CLANG_WARN__DUPLICATE_METHOD_MATCH = YES;
				CODE_SIGN_IDENTITY = "iPhone Developer";
				COPY_PHASE_STRIP = NO;
				DEBUG_INFORMATION_FORMAT = "dwarf-with-dsym";
				ENABLE_NS_ASSERTIONS = NO;
				ENABLE_STRICT_OBJC_MSGSEND = YES;
				GCC_C_LANGUAGE_STANDARD = gnu11;
				GCC_NO_COMMON_BLOCKS = YES;
				GCC_WARN_64_TO_32_BIT_CONVERSION = YES;
				GCC_WARN_ABOUT_RETURN_TYPE = YES_ERROR;
				GCC_WARN_UNDECLARED_SELECTOR = YES;
				GCC_WARN_UNINITIALIZED_AUTOS = YES_AGGRESSIVE;
				GCC_WARN_UNUSED_FUNCTION = YES;
				GCC_WARN_UNUSED_VARIABLE = YES;
				IPHONEOS_DEPLOYMENT_TARGET = 12.1;
				MTL_ENABLE_DEBUG_INFO = NO;
				MTL_FAST_MATH = YES;
				SDKROOT = iphoneos;
				SWIFT_COMPILATION_MODE = wholemodule;
				SWIFT_OPTIMIZATION_LEVEL = "-O";
				VALIDATE_PRODUCT = YES;
			};
			name = Release;
		};
		D319CDA421BF2414007D27B5 /* Debug */ = {
			isa = XCBuildConfiguration;
			baseConfigurationReference = 8B86456DB6C4541F58F691ED /* Pods-Trivia.debug.xcconfig */;
			buildSettings = {
				ASSETCATALOG_COMPILER_APPICON_NAME = AppIcon;
				CODE_SIGN_STYLE = Automatic;
				INFOPLIST_FILE = Trivia/Info.plist;
				LD_RUNPATH_SEARCH_PATHS = (
					"$(inherited)",
					"@executable_path/Frameworks",
				);
				PRODUCT_BUNDLE_IDENTIFIER = com.example.Trivia;
				PRODUCT_NAME = "$(TARGET_NAME)";
				SWIFT_VERSION = 4.2;
				TARGETED_DEVICE_FAMILY = "1,2";
			};
			name = Debug;
		};
		D319CDA521BF2414007D27B5 /* Release */ = {
			isa = XCBuildConfiguration;
			baseConfigurationReference = 69CBF49C8826D61DA59A8CC8 /* Pods-Trivia.release.xcconfig */;
			buildSettings = {
				ASSETCATALOG_COMPILER_APPICON_NAME = AppIcon;
				CODE_SIGN_STYLE = Automatic;
				INFOPLIST_FILE = Trivia/Info.plist;
				LD_RUNPATH_SEARCH_PATHS = (
					"$(inherited)",
					"@executable_path/Frameworks",
				);
				PRODUCT_BUNDLE_IDENTIFIER = com.example.Trivia;
				PRODUCT_NAME = "$(TARGET_NAME)";
				SWIFT_VERSION = 4.2;
				TARGETED_DEVICE_FAMILY = "1,2";
			};
			name = Release;
		};
/* End XCBuildConfiguration section */

/* Begin XCConfigurationList section */
		D319CD8C21BF240E007D27B5 /* Build configuration list for PBXProject "Trivia" */ = {
			isa = XCConfigurationList;
			buildConfigurations = (
				D319CDA121BF2414007D27B5 /* Debug */,
				D319CDA221BF2414007D27B5 /* Release */,
			);
			defaultConfigurationIsVisible = 0;
			defaultConfigurationName = Release;
		};
		D319CDA321BF2414007D27B5 /* Build configuration list for PBXNativeTarget "Trivia" */ = {
			isa = XCConfigurationList;
			buildConfigurations = (
				D319CDA421BF2414007D27B5 /* Debug */,
				D319CDA521BF2414007D27B5 /* Release */,
			);
			defaultConfigurationIsVisible = 0;
			defaultConfigurationName = Release;
		};
/* End XCConfigurationList section */
	};
	rootObject = D319CD8921BF240E007D27B5 /* Project object */;
}
